
Microsoft Visual Studio Solution File, Format Version 12.00
# Visual Studio Version 17
VisualStudioVersion = 17.10.34928.147
MinimumVisualStudioVersion = 10.0.40219.1
Project("{9A19103F-16F7-4668-BE54-9A1E7A4F7556}") = "solo_test", "ShoppingspreePP\solo_test.csproj", "{62E4EBD2-B7C8-4074-8817-40AF39F9DA18}"
EndProject
Global
	GlobalSection(SolutionConfigurationPlatforms) = preSolution
		Debug|Any CPU = Debug|Any CPU
		Release|Any CPU = Release|Any CPU
	EndGlobalSection
	GlobalSection(ProjectConfigurationPlatforms) = postSolution
		{62E4EBD2-B7C8-4074-8817-40AF39F9DA18}.Debug|Any CPU.ActiveCfg = Debug|Any CPU
		{62E4EBD2-B7C8-4074-8817-40AF39F9DA18}.Debug|Any CPU.Build.0 = Debug|Any CPU
		{62E4EBD2-B7C8-4074-8817-40AF39F9DA18}.Release|Any CPU.ActiveCfg = Release|Any CPU
		{62E4EBD2-B7C8-4074-8817-40AF39F9DA18}.Release|Any CPU.Build.0 = Release|Any CPU
	EndGlobalSection
	GlobalSection(SolutionProperties) = preSolution
		HideSolutionNode = FALSE
	EndGlobalSection
	GlobalSection(ExtensibilityGlobals) = postSolution
		SolutionGuid = {DD2EEB13-86C4-46FA-AC79-CD982A64B4C4}
	EndGlobalSection
EndGlobal
